
Microsoft Visual Studio Solution File, Format Version 12.00
# Visual Studio Version 16
VisualStudioVersion = 16.0.30611.23
MinimumVisualStudioVersion = 10.0.40219.1
Project("{FAE04EC0-301F-11D3-BF4B-00C04F79EFBC}") = "SpeedCamera", "SpeedCamera\SpeedCamera.csproj", "{43A1172B-B776-4090-BC35-D69D8E03AB12}"
EndProject
Global
	GlobalSection(SolutionConfigurationPlatforms) = preSolution
		Debug|Any CPU = Debug|Any CPU
		Release|Any CPU = Release|Any CPU
	EndGlobalSection
	GlobalSection(ProjectConfigurationPlatforms) = postSolution
		{43A1172B-B776-4090-BC35-D69D8E03AB12}.Debug|Any CPU.ActiveCfg = Debug|Any CPU
		{43A1172B-B776-4090-BC35-D69D8E03AB12}.Debug|Any CPU.Build.0 = Debug|Any CPU
		{43A1172B-B776-4090-BC35-D69D8E03AB12}.Release|Any CPU.ActiveCfg = Release|Any CPU
		{43A1172B-B776-4090-BC35-D69D8E03AB12}.Release|Any CPU.Build.0 = Release|Any CPU
	EndGlobalSection
	GlobalSection(SolutionProperties) = preSolution
		HideSolutionNode = FALSE
	EndGlobalSection
	GlobalSection(ExtensibilityGlobals) = postSolution
		SolutionGuid = {2E8A3337-D2EF-47FA-BD38-929D92857DFF}
	EndGlobalSection
EndGlobal
